
Microsoft Visual Studio Solution File, Format Version 12.00
# Visual Studio Version 16
VisualStudioVersion = 16.0.29318.209
MinimumVisualStudioVersion = 10.0.40219.1
Project("{8BC9CEB8-8B4A-11D0-8D11-00A0C91BC942}") = "Personal", "Personal.vcxproj", "{D15782D2-74D7-439D-ADD7-8F42861DD2C8}"
EndProject
Project("{8BC9CEB8-8B4A-11D0-8D11-00A0C91BC942}") = "personal_test", "..\personal_test\personal_test.vcxproj", "{E9DC582A-98D0-48D1-8C3C-131196B01AFD}"
EndProject
Global
	GlobalSection(SolutionConfigurationPlatforms) = preSolution
		Debug|x64 = Debug|x64
		Debug|x86 = Debug|x86
		Release|x64 = Release|x64
		Release|x86 = Release|x86
	EndGlobalSection
	GlobalSection(ProjectConfigurationPlatforms) = postSolution
		{D15782D2-74D7-439D-ADD7-8F42861DD2C8}.Debug|x64.ActiveCfg = Debug|x64
		{D15782D2-74D7-439D-ADD7-8F42861DD2C8}.Debug|x64.Build.0 = Debug|x64
		{D15782D2-74D7-439D-ADD7-8F42861DD2C8}.Debug|x86.ActiveCfg = Debug|Win32
		{D15782D2-74D7-439D-ADD7-8F42861DD2C8}.Debug|x86.Build.0 = Debug|Win32
		{D15782D2-74D7-439D-ADD7-8F42861DD2C8}.Release|x64.ActiveCfg = Release|x64
		{D15782D2-74D7-439D-ADD7-8F42861DD2C8}.Release|x64.Build.0 = Release|x64
		{D15782D2-74D7-439D-ADD7-8F42861DD2C8}.Release|x86.ActiveCfg = Release|Win32
		{D15782D2-74D7-439D-ADD7-8F42861DD2C8}.Release|x86.Build.0 = Release|Win32
		{E9DC582A-98D0-48D1-8C3C-131196B01AFD}.Debug|x64.ActiveCfg = Debug|x64
		{E9DC582A-98D0-48D1-8C3C-131196B01AFD}.Debug|x64.Build.0 = Debug|x64
		{E9DC582A-98D0-48D1-8C3C-131196B01AFD}.Debug|x86.ActiveCfg = Debug|Win32
		{E9DC582A-98D0-48D1-8C3C-131196B01AFD}.Debug|x86.Build.0 = Debug|Win32
		{E9DC582A-98D0-48D1-8C3C-131196B01AFD}.Release|x64.ActiveCfg = Release|x64
		{E9DC582A-98D0-48D1-8C3C-131196B01AFD}.Release|x64.Build.0 = Release|x64
		{E9DC582A-98D0-48D1-8C3C-131196B01AFD}.Release|x86.ActiveCfg = Release|Win32
		{E9DC582A-98D0-48D1-8C3C-131196B01AFD}.Release|x86.Build.0 = Release|Win32
	EndGlobalSection
	GlobalSection(SolutionProperties) = preSolution
		HideSolutionNode = FALSE
	EndGlobalSection
	GlobalSection(ExtensibilityGlobals) = postSolution
		SolutionGuid = {463304CB-AD7A-4892-8BF9-3D1862BB1013}
	EndGlobalSection
EndGlobal
